{
  "requires": true,
  "lockfileVersion": 1,
  "dependencies": {
    "@angular/platform-browser": {
      "version": "11.0.9",
      "resolved": "https://registry.npmjs.org/@angular/platform-browser/-/platform-browser-11.0.9.tgz",
      "integrity": "sha512-snuq8SaIRuVDYJLy80kYCEuVITZZbtG3PvxamATvzpgYpAzBskToc4/7LKJk0IEVSMvKzi8eSBCDaK2f2ZJB3A==",
      "requires": {
        "tslib": "^2.0.0"
      }
    },
    "tslib": {
      "version": "2.1.0",
      "resolved": "https://registry.npmjs.org/tslib/-/tslib-2.1.0.tgz",
      "integrity": "sha512-hcVC3wYEziELGGmEEXue7D75zbwIIVUMWAVbHItGPx0ziyXxrOMQx4rQEVEV45Ut/1IotuEvwqPopzIOkDMf0A=="
    }
  }
}
